
Microsoft Visual Studio Solution File, Format Version 12.00
# Visual Studio Version 16
VisualStudioVersion = 16.0.30709.132
MinimumVisualStudioVersion = 10.0.40219.1
Project("{FAE04EC0-301F-11D3-BF4B-00C04F79EFBC}") = "DMSCCore", "DMSCCore\DMSCCore.csproj", "{51F5BCF5-EE49-4F3C-8BEF-598D0C32FA97}"
EndProject
Project("{9A19103F-16F7-4668-BE54-9A1E7A4F7556}") = "Common", "Common\Common.csproj", "{AE64896D-9121-44A2-9282-050BFB6D4188}"
EndProject
Project("{9A19103F-16F7-4668-BE54-9A1E7A4F7556}") = "Wind.Model", "Wind.Model\Wind.Model.csproj", "{DC1A7FEF-0980-4CC1-8A3C-953B8927F5FD}"
EndProject
Project("{9A19103F-16F7-4668-BE54-9A1E7A4F7556}") = "Wind.DAL", "Wind.DAL\Wind.DAL.csproj", "{B097B5E8-2AE9-4398-8AF4-579F66035791}"
EndProject
Project("{FAE04EC0-301F-11D3-BF4B-00C04F79EFBC}") = "Wind.UI", "Wind.UI\Wind.UI.csproj", "{00497EE8-B2DA-4027-B5E1-BEC0C436403C}"
EndProject
Global
	GlobalSection(SolutionConfigurationPlatforms) = preSolution
		Debug|Any CPU = Debug|Any CPU
		Release|Any CPU = Release|Any CPU
	EndGlobalSection
	GlobalSection(ProjectConfigurationPlatforms) = postSolution
		{51F5BCF5-EE49-4F3C-8BEF-598D0C32FA97}.Debug|Any CPU.ActiveCfg = Debug|Any CPU
		{51F5BCF5-EE49-4F3C-8BEF-598D0C32FA97}.Debug|Any CPU.Build.0 = Debug|Any CPU
		{51F5BCF5-EE49-4F3C-8BEF-598D0C32FA97}.Release|Any CPU.ActiveCfg = Release|Any CPU
		{51F5BCF5-EE49-4F3C-8BEF-598D0C32FA97}.Release|Any CPU.Build.0 = Release|Any CPU
		{AE64896D-9121-44A2-9282-050BFB6D4188}.Debug|Any CPU.ActiveCfg = Debug|Any CPU
		{AE64896D-9121-44A2-9282-050BFB6D4188}.Debug|Any CPU.Build.0 = Debug|Any CPU
		{AE64896D-9121-44A2-9282-050BFB6D4188}.Release|Any CPU.ActiveCfg = Release|Any CPU
		{AE64896D-9121-44A2-9282-050BFB6D4188}.Release|Any CPU.Build.0 = Release|Any CPU
		{DC1A7FEF-0980-4CC1-8A3C-953B8927F5FD}.Debug|Any CPU.ActiveCfg = Debug|Any CPU
		{DC1A7FEF-0980-4CC1-8A3C-953B8927F5FD}.Debug|Any CPU.Build.0 = Debug|Any CPU
		{DC1A7FEF-0980-4CC1-8A3C-953B8927F5FD}.Release|Any CPU.ActiveCfg = Release|Any CPU
		{DC1A7FEF-0980-4CC1-8A3C-953B8927F5FD}.Release|Any CPU.Build.0 = Release|Any CPU
		{B097B5E8-2AE9-4398-8AF4-579F66035791}.Debug|Any CPU.ActiveCfg = Debug|Any CPU
		{B097B5E8-2AE9-4398-8AF4-579F66035791}.Debug|Any CPU.Build.0 = Debug|Any CPU
		{B097B5E8-2AE9-4398-8AF4-579F66035791}.Release|Any CPU.ActiveCfg = Release|Any CPU
		{B097B5E8-2AE9-4398-8AF4-579F66035791}.Release|Any CPU.Build.0 = Release|Any CPU
		{00497EE8-B2DA-4027-B5E1-BEC0C436403C}.Debug|Any CPU.ActiveCfg = Debug|Any CPU
		{00497EE8-B2DA-4027-B5E1-BEC0C436403C}.Debug|Any CPU.Build.0 = Debug|Any CPU
		{00497EE8-B2DA-4027-B5E1-BEC0C436403C}.Release|Any CPU.ActiveCfg = Release|Any CPU
		{00497EE8-B2DA-4027-B5E1-BEC0C436403C}.Release|Any CPU.Build.0 = Release|Any CPU
	EndGlobalSection
	GlobalSection(SolutionProperties) = preSolution
		HideSolutionNode = FALSE
	EndGlobalSection
	GlobalSection(ExtensibilityGlobals) = postSolution
		SolutionGuid = {AF983785-1A47-40FA-9780-1EC944E4981E}
	EndGlobalSection
EndGlobal
