
Microsoft Visual Studio Solution File, Format Version 12.00
# Visual Studio Version 17
VisualStudioVersion = 17.5.33502.453
MinimumVisualStudioVersion = 10.0.40219.1
Project("{9A19103F-16F7-4668-BE54-9A1E7A4F7556}") = "Common", "Common\Common.csproj", "{1B0B1145-4E44-4363-A731-34C39427F2B2}"
EndProject
Project("{9A19103F-16F7-4668-BE54-9A1E7A4F7556}") = "DbOrm", "DbOrm\DbOrm.csproj", "{6912A746-6579-469A-BDE6-76C8CF76C38E}"
EndProject
Project("{9A19103F-16F7-4668-BE54-9A1E7A4F7556}") = "UI", "UI\UI.csproj", "{036EB90E-4DEE-4972-91FD-A4BAD001937F}"
EndProject
Global
	GlobalSection(SolutionConfigurationPlatforms) = preSolution
		Debug|Any CPU = Debug|Any CPU
		Release|Any CPU = Release|Any CPU
	EndGlobalSection
	GlobalSection(ProjectConfigurationPlatforms) = postSolution
		{1B0B1145-4E44-4363-A731-34C39427F2B2}.Debug|Any CPU.ActiveCfg = Debug|Any CPU
		{1B0B1145-4E44-4363-A731-34C39427F2B2}.Debug|Any CPU.Build.0 = Debug|Any CPU
		{1B0B1145-4E44-4363-A731-34C39427F2B2}.Release|Any CPU.ActiveCfg = Release|Any CPU
		{1B0B1145-4E44-4363-A731-34C39427F2B2}.Release|Any CPU.Build.0 = Release|Any CPU
		{6912A746-6579-469A-BDE6-76C8CF76C38E}.Debug|Any CPU.ActiveCfg = Debug|Any CPU
		{6912A746-6579-469A-BDE6-76C8CF76C38E}.Debug|Any CPU.Build.0 = Debug|Any CPU
		{6912A746-6579-469A-BDE6-76C8CF76C38E}.Release|Any CPU.ActiveCfg = Release|Any CPU
		{6912A746-6579-469A-BDE6-76C8CF76C38E}.Release|Any CPU.Build.0 = Release|Any CPU
		{036EB90E-4DEE-4972-91FD-A4BAD001937F}.Debug|Any CPU.ActiveCfg = Debug|Any CPU
		{036EB90E-4DEE-4972-91FD-A4BAD001937F}.Debug|Any CPU.Build.0 = Debug|Any CPU
		{036EB90E-4DEE-4972-91FD-A4BAD001937F}.Release|Any CPU.ActiveCfg = Release|Any CPU
		{036EB90E-4DEE-4972-91FD-A4BAD001937F}.Release|Any CPU.Build.0 = Release|Any CPU
	EndGlobalSection
	GlobalSection(SolutionProperties) = preSolution
		HideSolutionNode = FALSE
	EndGlobalSection
	GlobalSection(ExtensibilityGlobals) = postSolution
		SolutionGuid = {76FBEAA0-3933-4841-81FC-B0E637B0AF6D}
	EndGlobalSection
EndGlobal
